
Microsoft Visual Studio Solution File, Format Version 12.00
# Visual Studio Version 16
VisualStudioVersion = 16.0.29418.71
MinimumVisualStudioVersion = 10.0.40219.1
Project("{FAE04EC0-301F-11D3-BF4B-00C04F79EFBC}") = "Menu", "Menu\Menu.csproj", "{141DE7E9-5E12-4A60-8F66-A1F9A4998807}"
EndProject
Project("{FAE04EC0-301F-11D3-BF4B-00C04F79EFBC}") = "task1.2Triangle", "task1.2\task1.2Triangle.csproj", "{2DCB27B3-611E-4365-A96F-FEBB4AE6F2C7}"
EndProject
Project("{FAE04EC0-301F-11D3-BF4B-00C04F79EFBC}") = "task1.1Rectangle", "task1.1\task1.1Rectangle.csproj", "{83FCA706-B8C4-4598-A9F7-E227A15800F0}"
EndProject
Project("{FAE04EC0-301F-11D3-BF4B-00C04F79EFBC}") = "task1.3AnotherTriangle", "task1.3\task1.3AnotherTriangle.csproj", "{8B73C5AA-8931-4AC8-8E82-78F60DBA15C0}"
EndProject
Project("{FAE04EC0-301F-11D3-BF4B-00C04F79EFBC}") = "task1.4X-masTree", "task1.4\task1.4\task1.4X-masTree.csproj", "{5A9F4628-C28D-4686-B80E-F65FCD302B80}"
EndProject
Project("{FAE04EC0-301F-11D3-BF4B-00C04F79EFBC}") = "task1.5SumOfNumbers", "task1.5SumOfNumbers\task1.5SumOfNumbers.csproj", "{7A136891-B02C-4DF6-A229-5A4318F09D09}"
EndProject
Project("{FAE04EC0-301F-11D3-BF4B-00C04F79EFBC}") = "task1.6FontAdjustment", "task1.6FontAdjustment\task1.6FontAdjustment.csproj", "{22ED4159-5043-4D0D-86AE-B4DA939C8B5D}"
EndProject
Project("{FAE04EC0-301F-11D3-BF4B-00C04F79EFBC}") = "OtherClasses", "OtherClasses\OtherClasses.csproj", "{1E84534E-7BFD-40CE-9C4D-C09D165F5A11}"
EndProject
Project("{FAE04EC0-301F-11D3-BF4B-00C04F79EFBC}") = "task1.7ArrayProcessing", "task1.7ArrayProcessing\task1.7ArrayProcessing.csproj", "{5AB67745-CAFA-45AA-BD60-9BA22ABA0D58}"
EndProject
Project("{FAE04EC0-301F-11D3-BF4B-00C04F79EFBC}") = "task1.8NoPositive", "task1.8NoPositive\task1.8NoPositive.csproj", "{88B964E4-5252-4F03-BA5F-B01D59E790BF}"
EndProject
Global
	GlobalSection(SolutionConfigurationPlatforms) = preSolution
		Debug|Any CPU = Debug|Any CPU
		Release|Any CPU = Release|Any CPU
	EndGlobalSection
	GlobalSection(ProjectConfigurationPlatforms) = postSolution
		{141DE7E9-5E12-4A60-8F66-A1F9A4998807}.Debug|Any CPU.ActiveCfg = Debug|Any CPU
		{141DE7E9-5E12-4A60-8F66-A1F9A4998807}.Debug|Any CPU.Build.0 = Debug|Any CPU
		{141DE7E9-5E12-4A60-8F66-A1F9A4998807}.Release|Any CPU.ActiveCfg = Release|Any CPU
		{141DE7E9-5E12-4A60-8F66-A1F9A4998807}.Release|Any CPU.Build.0 = Release|Any CPU
		{2DCB27B3-611E-4365-A96F-FEBB4AE6F2C7}.Debug|Any CPU.ActiveCfg = Debug|Any CPU
		{2DCB27B3-611E-4365-A96F-FEBB4AE6F2C7}.Debug|Any CPU.Build.0 = Debug|Any CPU
		{2DCB27B3-611E-4365-A96F-FEBB4AE6F2C7}.Release|Any CPU.ActiveCfg = Release|Any CPU
		{2DCB27B3-611E-4365-A96F-FEBB4AE6F2C7}.Release|Any CPU.Build.0 = Release|Any CPU
		{83FCA706-B8C4-4598-A9F7-E227A15800F0}.Debug|Any CPU.ActiveCfg = Debug|Any CPU
		{83FCA706-B8C4-4598-A9F7-E227A15800F0}.Debug|Any CPU.Build.0 = Debug|Any CPU
		{83FCA706-B8C4-4598-A9F7-E227A15800F0}.Release|Any CPU.ActiveCfg = Release|Any CPU
		{83FCA706-B8C4-4598-A9F7-E227A15800F0}.Release|Any CPU.Build.0 = Release|Any CPU
		{8B73C5AA-8931-4AC8-8E82-78F60DBA15C0}.Debug|Any CPU.ActiveCfg = Debug|Any CPU
		{8B73C5AA-8931-4AC8-8E82-78F60DBA15C0}.Debug|Any CPU.Build.0 = Debug|Any CPU
		{8B73C5AA-8931-4AC8-8E82-78F60DBA15C0}.Release|Any CPU.ActiveCfg = Release|Any CPU
		{8B73C5AA-8931-4AC8-8E82-78F60DBA15C0}.Release|Any CPU.Build.0 = Release|Any CPU
		{5A9F4628-C28D-4686-B80E-F65FCD302B80}.Debug|Any CPU.ActiveCfg = Debug|Any CPU
		{5A9F4628-C28D-4686-B80E-F65FCD302B80}.Debug|Any CPU.Build.0 = Debug|Any CPU
		{5A9F4628-C28D-4686-B80E-F65FCD302B80}.Release|Any CPU.ActiveCfg = Release|Any CPU
		{5A9F4628-C28D-4686-B80E-F65FCD302B80}.Release|Any CPU.Build.0 = Release|Any CPU
		{7A136891-B02C-4DF6-A229-5A4318F09D09}.Debug|Any CPU.ActiveCfg = Debug|Any CPU
		{7A136891-B02C-4DF6-A229-5A4318F09D09}.Debug|Any CPU.Build.0 = Debug|Any CPU
		{7A136891-B02C-4DF6-A229-5A4318F09D09}.Release|Any CPU.ActiveCfg = Release|Any CPU
		{7A136891-B02C-4DF6-A229-5A4318F09D09}.Release|Any CPU.Build.0 = Release|Any CPU
		{22ED4159-5043-4D0D-86AE-B4DA939C8B5D}.Debug|Any CPU.ActiveCfg = Debug|Any CPU
		{22ED4159-5043-4D0D-86AE-B4DA939C8B5D}.Debug|Any CPU.Build.0 = Debug|Any CPU
		{22ED4159-5043-4D0D-86AE-B4DA939C8B5D}.Release|Any CPU.ActiveCfg = Release|Any CPU
		{22ED4159-5043-4D0D-86AE-B4DA939C8B5D}.Release|Any CPU.Build.0 = Release|Any CPU
		{1E84534E-7BFD-40CE-9C4D-C09D165F5A11}.Debug|Any CPU.ActiveCfg = Debug|Any CPU
		{1E84534E-7BFD-40CE-9C4D-C09D165F5A11}.Debug|Any CPU.Build.0 = Debug|Any CPU
		{1E84534E-7BFD-40CE-9C4D-C09D165F5A11}.Release|Any CPU.ActiveCfg = Release|Any CPU
		{1E84534E-7BFD-40CE-9C4D-C09D165F5A11}.Release|Any CPU.Build.0 = Release|Any CPU
		{5AB67745-CAFA-45AA-BD60-9BA22ABA0D58}.Debug|Any CPU.ActiveCfg = Debug|Any CPU
		{5AB67745-CAFA-45AA-BD60-9BA22ABA0D58}.Debug|Any CPU.Build.0 = Debug|Any CPU
		{5AB67745-CAFA-45AA-BD60-9BA22ABA0D58}.Release|Any CPU.ActiveCfg = Release|Any CPU
		{5AB67745-CAFA-45AA-BD60-9BA22ABA0D58}.Release|Any CPU.Build.0 = Release|Any CPU
		{88B964E4-5252-4F03-BA5F-B01D59E790BF}.Debug|Any CPU.ActiveCfg = Debug|Any CPU
		{88B964E4-5252-4F03-BA5F-B01D59E790BF}.Debug|Any CPU.Build.0 = Debug|Any CPU
		{88B964E4-5252-4F03-BA5F-B01D59E790BF}.Release|Any CPU.ActiveCfg = Release|Any CPU
		{88B964E4-5252-4F03-BA5F-B01D59E790BF}.Release|Any CPU.Build.0 = Release|Any CPU
	EndGlobalSection
	GlobalSection(SolutionProperties) = preSolution
		HideSolutionNode = FALSE
	EndGlobalSection
	GlobalSection(ExtensibilityGlobals) = postSolution
		SolutionGuid = {055F3C68-8CCF-4069-B797-980F4E4B311B}
	EndGlobalSection
EndGlobal
