
Microsoft Visual Studio Solution File, Format Version 12.00
# Visual Studio Version 16
VisualStudioVersion = 16.0.29418.71
MinimumVisualStudioVersion = 10.0.40219.1
Project("{FAE04EC0-301F-11D3-BF4B-00C04F79EFBC}") = "Menu", "Menu.csproj", "{3FE1B267-520F-4A1D-ACEC-23932E00A741}"
EndProject
Project("{FAE04EC0-301F-11D3-BF4B-00C04F79EFBC}") = "OtherClasses", "..\OtherClasses\OtherClasses.csproj", "{5457D120-BB2C-4BE1-918A-6463B6F79128}"
EndProject
Project("{FAE04EC0-301F-11D3-BF4B-00C04F79EFBC}") = "task2.1_Round", "..\Task2.1_Round\task2.1_Round.csproj", "{9CD60025-02B9-4AAE-ACFC-EC4C89E4F31B}"
EndProject
Project("{FAE04EC0-301F-11D3-BF4B-00C04F79EFBC}") = "task2.2_Triangle", "..\task2.2_Triangle\task2.2_Triangle.csproj", "{9B92917A-69C2-4B19-80EC-87700CD5794C}"
EndProject
Project("{FAE04EC0-301F-11D3-BF4B-00C04F79EFBC}") = "task2.3_User", "..\tesk2.3_User\task2.3_User.csproj", "{FA5ECADD-97B7-4061-A5CF-3B8204E6EB99}"
EndProject
Project("{FAE04EC0-301F-11D3-BF4B-00C04F79EFBC}") = "task2.4_MyString", "..\task2.4_MyString\task2.4_MyString.csproj", "{01B923C9-CFCE-473E-AE50-85819EA1C762}"
EndProject
Global
	GlobalSection(SolutionConfigurationPlatforms) = preSolution
		Debug|Any CPU = Debug|Any CPU
		Release|Any CPU = Release|Any CPU
	EndGlobalSection
	GlobalSection(ProjectConfigurationPlatforms) = postSolution
		{3FE1B267-520F-4A1D-ACEC-23932E00A741}.Debug|Any CPU.ActiveCfg = Debug|Any CPU
		{3FE1B267-520F-4A1D-ACEC-23932E00A741}.Debug|Any CPU.Build.0 = Debug|Any CPU
		{3FE1B267-520F-4A1D-ACEC-23932E00A741}.Release|Any CPU.ActiveCfg = Release|Any CPU
		{3FE1B267-520F-4A1D-ACEC-23932E00A741}.Release|Any CPU.Build.0 = Release|Any CPU
		{5457D120-BB2C-4BE1-918A-6463B6F79128}.Debug|Any CPU.ActiveCfg = Debug|Any CPU
		{5457D120-BB2C-4BE1-918A-6463B6F79128}.Debug|Any CPU.Build.0 = Debug|Any CPU
		{5457D120-BB2C-4BE1-918A-6463B6F79128}.Release|Any CPU.ActiveCfg = Release|Any CPU
		{5457D120-BB2C-4BE1-918A-6463B6F79128}.Release|Any CPU.Build.0 = Release|Any CPU
		{9CD60025-02B9-4AAE-ACFC-EC4C89E4F31B}.Debug|Any CPU.ActiveCfg = Debug|Any CPU
		{9CD60025-02B9-4AAE-ACFC-EC4C89E4F31B}.Debug|Any CPU.Build.0 = Debug|Any CPU
		{9CD60025-02B9-4AAE-ACFC-EC4C89E4F31B}.Release|Any CPU.ActiveCfg = Release|Any CPU
		{9CD60025-02B9-4AAE-ACFC-EC4C89E4F31B}.Release|Any CPU.Build.0 = Release|Any CPU
		{9B92917A-69C2-4B19-80EC-87700CD5794C}.Debug|Any CPU.ActiveCfg = Debug|Any CPU
		{9B92917A-69C2-4B19-80EC-87700CD5794C}.Debug|Any CPU.Build.0 = Debug|Any CPU
		{9B92917A-69C2-4B19-80EC-87700CD5794C}.Release|Any CPU.ActiveCfg = Release|Any CPU
		{9B92917A-69C2-4B19-80EC-87700CD5794C}.Release|Any CPU.Build.0 = Release|Any CPU
		{FA5ECADD-97B7-4061-A5CF-3B8204E6EB99}.Debug|Any CPU.ActiveCfg = Debug|Any CPU
		{FA5ECADD-97B7-4061-A5CF-3B8204E6EB99}.Debug|Any CPU.Build.0 = Debug|Any CPU
		{FA5ECADD-97B7-4061-A5CF-3B8204E6EB99}.Release|Any CPU.ActiveCfg = Release|Any CPU
		{FA5ECADD-97B7-4061-A5CF-3B8204E6EB99}.Release|Any CPU.Build.0 = Release|Any CPU
		{01B923C9-CFCE-473E-AE50-85819EA1C762}.Debug|Any CPU.ActiveCfg = Debug|Any CPU
		{01B923C9-CFCE-473E-AE50-85819EA1C762}.Debug|Any CPU.Build.0 = Debug|Any CPU
		{01B923C9-CFCE-473E-AE50-85819EA1C762}.Release|Any CPU.ActiveCfg = Release|Any CPU
		{01B923C9-CFCE-473E-AE50-85819EA1C762}.Release|Any CPU.Build.0 = Release|Any CPU
	EndGlobalSection
	GlobalSection(SolutionProperties) = preSolution
		HideSolutionNode = FALSE
	EndGlobalSection
	GlobalSection(ExtensibilityGlobals) = postSolution
		SolutionGuid = {0381C4D7-4464-4F5F-BBBF-B271478F9C05}
	EndGlobalSection
EndGlobal
